# This file is @generated by PDM.
# It is not intended for manual editing.

[metadata]
groups = ["default"]
cross_platform = true
static_urls = false
lock_version = "4.3"
content_hash = "sha256:d7fc7e42de49c5080884e7f69af746d356be2b303db477f6d2781a15dbc870a7"

[[package]]
name = "aiosql"
version = "9.0"
requires_python = ">=3.8"
summary = "Simple SQL in Python"
files = [
    {file = "aiosql-9.0-py3-none-any.whl", hash = "sha256:a074f6294e00530728f114862241d231ba95e2ae569663303f74b24b81dccc0c"},
    {file = "aiosql-9.0.tar.gz", hash = "sha256:8bcbddebc02be488f33786b8b1c1100335ac9f03cf61530eaafed64b04fa8994"},
]

[[package]]
name = "click"
version = "8.1.6"
requires_python = ">=3.7"
summary = "Composable command line interface toolkit"
dependencies = [
    "colorama; platform_system == \"Windows\"",
]
files = [
    {file = "click-8.1.6-py3-none-any.whl", hash = "sha256:fa244bb30b3b5ee2cae3da8f55c9e5e0c0e86093306301fb418eb9dc40fbded5"},
    {file = "click-8.1.6.tar.gz", hash = "sha256:48ee849951919527a045bfe3bf7baa8a959c423134e1a5b98c05c20ba75a1cbd"},
]

[[package]]
name = "colorama"
version = "0.4.6"
requires_python = "!=3.0.*,!=3.1.*,!=3.2.*,!=3.3.*,!=3.4.*,!=3.5.*,!=3.6.*,>=2.7"
summary = "Cross-platform colored terminal text."
files = [
    {file = "colorama-0.4.6-py2.py3-none-any.whl", hash = "sha256:4f1d9991f5acc0ca119f9d443620b77f9d6b33703e51011c16baf57afb285fc6"},
    {file = "colorama-0.4.6.tar.gz", hash = "sha256:08695f5cb7ed6e0531a20572697297273c47b8cae5a63ffc6d6ed5c201be6e44"},
]

[[package]]
name = "google-re2"
version = "1.1"
requires_python = "~=3.8"
summary = "RE2 Python bindings"
files = [
    {file = "google-re2-1.1.tar.gz", hash = "sha256:d3a9467ee52b46ac77ca928f6d0cbeaccfd92f03ca0f0f65b9df6a95184f3a1c"},
    {file = "google_re2-1.1-1-cp310-cp310-macosx_11_0_arm64.whl", hash = "sha256:874d2e36dfa506b03d4f9c4aef1701a65304f4004c96c7edac7d8aea08fe193e"},
    {file = "google_re2-1.1-1-cp310-cp310-macosx_11_0_x86_64.whl", hash = "sha256:b66eb84850afdce09aabca40bcd6f2a0e96178a1b4990d555678edb1f59bf255"},
    {file = "google_re2-1.1-1-cp310-cp310-macosx_12_0_arm64.whl", hash = "sha256:c461640a07db26dc2b51f43de607b7520e7debaf4f6a000f796a3c0196ca52af"},
    {file = "google_re2-1.1-1-cp310-cp310-macosx_12_0_x86_64.whl", hash = "sha256:7f9ba69eaee6e7a9f5ddfb919bf1a866af14a18b26a179e3fb1a6fe3d0cbf349"},
    {file = "google_re2-1.1-1-cp310-cp310-macosx_13_0_arm64.whl", hash = "sha256:f95cf16739cc3ea63728366881221b119f2322b4b739b7da6522d45a68792cea"},
    {file = "google_re2-1.1-1-cp310-cp310-macosx_13_0_x86_64.whl", hash = "sha256:9fb56a41250191298e6a2859b0fdea1e83330c9870fe8d84e5836c506ae46e96"},
    {file = "google_re2-1.1-1-cp310-cp310-manylinux2014_aarch64.manylinux_2_17_aarch64.whl", hash = "sha256:fb22ea995564d87baf4a4bfbb3ca024be913683a710f4f0dc9c94dc663afab20"},
    {file = "google_re2-1.1-1-cp310-cp310-manylinux2014_x86_64.manylinux_2_17_x86_64.whl", hash = "sha256:19b3f0bfbb2a2ca58ed0aaa9356d07a5c0921383a6dbeca086b2b74472f5ee08"},
    {file = "google_re2-1.1-1-cp310-cp310-manylinux_2_24_aarch64.manylinux_2_28_aarch64.whl", hash = "sha256:34fd7f97b84af7453cf05b25adfe2491ba3cef1ca548ac2907efa63d3510954d"},
    {file = "google_re2-1.1-1-cp310-cp310-manylinux_2_24_x86_64.manylinux_2_28_x86_64.whl", hash = "sha256:3e029664192d8d30f7c977706183ef483e82ca239302272df74e01d2e22897ca"},
    {file = "google_re2-1.1-1-cp310-cp310-win32.whl", hash = "sha256:41a8f222f9839d059d37efd28e4deec203502d7e39c3759d83d6a33deadf1d2e"},
    {file = "google_re2-1.1-1-cp310-cp310-win_amd64.whl", hash = "sha256:6141d569fdf72aa693f040ba05c469036587395af07ff419b9a3c009d6ffefd3"},
    {file = "google_re2-1.1-1-cp311-cp311-macosx_11_0_arm64.whl", hash = "sha256:a2d03f6aaf22788ba13a770f0d183b8eebe55545bcbb6e4c41dcccac7ded014d"},
    {file = "google_re2-1.1-1-cp311-cp311-macosx_11_0_x86_64.whl", hash = "sha256:a98f15fd9c31bf80d368698447191a2e9703880b305dbf34d9a63ce634b8a557"},
    {file = "google_re2-1.1-1-cp311-cp311-macosx_12_0_arm64.whl", hash = "sha256:42128916cc2966623832aabbd224c88e862d1c531d6bc49ab141f565e6321a90"},
    {file = "google_re2-1.1-1-cp311-cp311-macosx_12_0_x86_64.whl", hash = "sha256:6e27986a166903ad7000635f6faed8ab5072d687f822ac9f692c40b2470aebcf"},
    {file = "google_re2-1.1-1-cp311-cp311-macosx_13_0_arm64.whl", hash = "sha256:5e9edcd743a830d0c0b2729201e42ab86fceef8f4086df65563f482e4544359e"},
    {file = "google_re2-1.1-1-cp311-cp311-macosx_13_0_x86_64.whl", hash = "sha256:d33145bbfd32e916f1c911cd9225be5364a36c3959742a0cc4dfc0692d6a2a5e"},
    {file = "google_re2-1.1-1-cp311-cp311-manylinux2014_aarch64.manylinux_2_17_aarch64.whl", hash = "sha256:8b27cc2544b69a357ab2a749dc0c13a1b9055198c56f4c2c3b0f61d693f8e203"},
    {file = "google_re2-1.1-1-cp311-cp311-manylinux2014_x86_64.manylinux_2_17_x86_64.whl", hash = "sha256:3cdf8982b6def987e95b37984d0c1c878de32635dd78acde3273f730b69708c9"},
    {file = "google_re2-1.1-1-cp311-cp311-manylinux_2_24_aarch64.manylinux_2_28_aarch64.whl", hash = "sha256:71ac661a7365e134741fe5542f13d7ce1e6187446b96ddee4c8b7d153fc8f05a"},
    {file = "google_re2-1.1-1-cp311-cp311-manylinux_2_24_x86_64.manylinux_2_28_x86_64.whl", hash = "sha256:35a902ba31a71a3e9e114e44473624d9aa9f9b85ec981bfa91671aefe0ef1a6c"},
    {file = "google_re2-1.1-1-cp311-cp311-win32.whl", hash = "sha256:9469f26b485da2784c658e687a766c72e1a17b1e63b3ed24b5f64c3d19fbae3d"},
    {file = "google_re2-1.1-1-cp311-cp311-win_amd64.whl", hash = "sha256:07dd0780240ee431781119b46c3bbf76f5cef24a2cbb542f6a08c643e0a68d98"},
    {file = "google_re2-1.1-1-cp38-cp38-macosx_11_0_arm64.whl", hash = "sha256:9857dc4d69b8025057c8129e98406a24d51bdaf1b96e481dbba7e69e0ec85104"},
    {file = "google_re2-1.1-1-cp38-cp38-macosx_11_0_x86_64.whl", hash = "sha256:a6eaaa5f200022eb0bdded5949c91454fc96e1edd6f9e9a96dd1dc32c821c00e"},
    {file = "google_re2-1.1-1-cp38-cp38-macosx_12_0_arm64.whl", hash = "sha256:a32bb2afe128d90b8edc20d4f7d297f7e2753206eba92937a57e5280736eac74"},
    {file = "google_re2-1.1-1-cp38-cp38-macosx_12_0_x86_64.whl", hash = "sha256:4f2754616c61b76ab4e5a4f39892a52a00897203b859c5abd7e3c630dd883cda"},
    {file = "google_re2-1.1-1-cp38-cp38-macosx_13_0_arm64.whl", hash = "sha256:b110f3d657e8f67a43a699d327ce47095b80180ea1118e2de44cb5c7002503d9"},
    {file = "google_re2-1.1-1-cp38-cp38-macosx_13_0_x86_64.whl", hash = "sha256:fd62ba2853eef65e249a9c4437a9ecac568222062bc956f0c61a3d1151a6271b"},
    {file = "google_re2-1.1-1-cp38-cp38-manylinux2014_aarch64.manylinux_2_17_aarch64.whl", hash = "sha256:23b50eb74dc3e1d480b04b987c61242df5dade50d08bc16e25eb3582b83fca80"},
    {file = "google_re2-1.1-1-cp38-cp38-manylinux2014_x86_64.manylinux_2_17_x86_64.whl", hash = "sha256:e1bde89855dd5ab0811187d21eec149975510c80e865c771c883524a452445e7"},
    {file = "google_re2-1.1-1-cp38-cp38-manylinux_2_24_aarch64.manylinux_2_28_aarch64.whl", hash = "sha256:10c6cddc720151a509beb98ab310fa0cc8bcb265f83518ebf831de2c9ff73af0"},
    {file = "google_re2-1.1-1-cp38-cp38-manylinux_2_24_x86_64.manylinux_2_28_x86_64.whl", hash = "sha256:9bea09c5e8401ec50b8f211bc820ec2f0ca5e744ac67431a1b39bdacbd266553"},
    {file = "google_re2-1.1-1-cp38-cp38-win32.whl", hash = "sha256:ffa51b118037518bcdf63c7649d0b4be7071982b83f48ee3bbabf24a9cb48f8a"},
    {file = "google_re2-1.1-1-cp38-cp38-win_amd64.whl", hash = "sha256:3b47715b6d43c9351957eb5092ad0fa625d04106d81f34cb8a726c53395ad474"},
    {file = "google_re2-1.1-1-cp39-cp39-macosx_11_0_arm64.whl", hash = "sha256:998f31bf7efbc9bb603d0c356c1c77e5331f689c71783df8e21e67bb025fc66a"},
    {file = "google_re2-1.1-1-cp39-cp39-macosx_11_0_x86_64.whl", hash = "sha256:0b5f0eaab859d3ba5f462c82bf37ab56e9d37e19b40b5898c731dbe4213a85f7"},
    {file = "google_re2-1.1-1-cp39-cp39-macosx_12_0_arm64.whl", hash = "sha256:f6d591d9c4cbc7142b729ddcc3f654d059d8ebc3bc95891198808a4785a6b4d8"},
    {file = "google_re2-1.1-1-cp39-cp39-macosx_12_0_x86_64.whl", hash = "sha256:3c325c2eae197b423330a04ab62e2e1cf942676cd5560907db4d63e23ce0648a"},
    {file = "google_re2-1.1-1-cp39-cp39-macosx_13_0_arm64.whl", hash = "sha256:1e019e8f57955806ee843254ce454249b58800a6e872b2c8e9df2ef3459de0d5"},
    {file = "google_re2-1.1-1-cp39-cp39-macosx_13_0_x86_64.whl", hash = "sha256:58ebbcc7ad2b639768a6bca586357291660ea40dfac83039208e5055c357513b"},
    {file = "google_re2-1.1-1-cp39-cp39-manylinux2014_aarch64.manylinux_2_17_aarch64.whl", hash = "sha256:723f8553e7fc022294071f14fb7dfc7958c365dc7d4a71d4938ccd2df8c6eca4"},
    {file = "google_re2-1.1-1-cp39-cp39-manylinux2014_x86_64.manylinux_2_17_x86_64.whl", hash = "sha256:d81512b08e6787fc8ef29fea365d3fdbf957553a625550e1d96c36877ae30355"},
    {file = "google_re2-1.1-1-cp39-cp39-manylinux_2_24_aarch64.manylinux_2_28_aarch64.whl", hash = "sha256:c58601b155651cc572a23ee2860788c77581aad85d3567a55b89b0674702f34d"},
    {file = "google_re2-1.1-1-cp39-cp39-manylinux_2_24_x86_64.manylinux_2_28_x86_64.whl", hash = "sha256:9c6c9f64b9724ec38da8e514f404ac64e9a6a5e8b1d7031c2dadd05c1f4c16fd"},
    {file = "google_re2-1.1-1-cp39-cp39-win32.whl", hash = "sha256:d1b751b9ab9f8e2ab2a36d72b909281ce65f328c9115a1685acae1a2d1afd7a4"},
    {file = "google_re2-1.1-1-cp39-cp39-win_amd64.whl", hash = "sha256:ac775c75cec7069351d201da4e0fb0cae4c1c5ebecd08fa34e1be89740c1d80b"},
]

[[package]]
name = "markdown-it-py"
version = "3.0.0"
requires_python = ">=3.8"
summary = "Python port of markdown-it. Markdown parsing, done right!"
dependencies = [
    "mdurl~=0.1",
]
files = [
    {file = "markdown-it-py-3.0.0.tar.gz", hash = "sha256:e3f60a94fa066dc52ec76661e37c851cb232d92f9886b15cb560aaada2df8feb"},
    {file = "markdown_it_py-3.0.0-py3-none-any.whl", hash = "sha256:355216845c60bd96232cd8d8c40e8f9765cc86f46880e43a8fd22dc1a1a8cab1"},
]

[[package]]
name = "mdurl"
version = "0.1.2"
requires_python = ">=3.7"
summary = "Markdown URL utilities"
files = [
    {file = "mdurl-0.1.2-py3-none-any.whl", hash = "sha256:84008a41e51615a49fc9966191ff91509e3c40b939176e643fd50a5c2196b8f8"},
    {file = "mdurl-0.1.2.tar.gz", hash = "sha256:bb413d29f5eea38f31dd4754dd7377d4465116fb207585f97bf925588687c1ba"},
]

[[package]]
name = "msgspec"
version = "0.18.0"
requires_python = ">=3.8"
summary = "A fast serialization and validation library, with builtin support for JSON, MessagePack, YAML, and TOML."
files = [
    {file = "msgspec-0.18.0-cp310-cp310-macosx_10_9_x86_64.whl", hash = "sha256:ec4f95f03e9fcaef942f5b76856ad1b6bace5cc4db4555939ff25262faa5ad63"},
    {file = "msgspec-0.18.0-cp310-cp310-macosx_11_0_arm64.whl", hash = "sha256:0d28fcd20d07b565f42289bc7791493cf3b602ad41002db3fe5642802bbf137a"},
    {file = "msgspec-0.18.0-cp310-cp310-manylinux_2_17_aarch64.manylinux2014_aarch64.whl", hash = "sha256:e7bc1386317796508772e95e3747dbea7e4178a24ebba04f33408dd84b6aea44"},
    {file = "msgspec-0.18.0-cp310-cp310-manylinux_2_17_x86_64.manylinux2014_x86_64.whl", hash = "sha256:d814fe2b4641085ed4a2fc917b5f407afe550c3d0c00ab190fc1f6fae1c75dd7"},
    {file = "msgspec-0.18.0-cp310-cp310-musllinux_1_1_aarch64.whl", hash = "sha256:92c0db3f81bfda2be43ced32b043e68fa95daa5c7403f0ced26e49815efe681e"},
    {file = "msgspec-0.18.0-cp310-cp310-musllinux_1_1_x86_64.whl", hash = "sha256:89070b557ae3f057c9357dc7f2f5fe11000808254e3f079663246ae4b43b2b89"},
    {file = "msgspec-0.18.0-cp310-cp310-win_amd64.whl", hash = "sha256:7e0d735205bf9abd7755434233b7ff48db66965ca4d50a59a96421c4425b2507"},
    {file = "msgspec-0.18.0-cp311-cp311-macosx_10_9_x86_64.whl", hash = "sha256:08c422741e0e1e13404f7497c2b3419999fd1398c095e841f191d78f569361fd"},
    {file = "msgspec-0.18.0-cp311-cp311-macosx_11_0_arm64.whl", hash = "sha256:33950a523536baceed2f252cda32780eb3646a4656ca08c4bea6497d4988e341"},
    {file = "msgspec-0.18.0-cp311-cp311-manylinux_2_17_aarch64.manylinux2014_aarch64.whl", hash = "sha256:3db21b8e7c71f011c90ba6ed0514cf4a95076ae48e7e85d5fd912f6c8d609990"},
    {file = "msgspec-0.18.0-cp311-cp311-manylinux_2_17_x86_64.manylinux2014_x86_64.whl", hash = "sha256:c9b59fff158e5a576d68afe3aed040717d25d7edd2c0653c46733dfa0fbfa1c6"},
    {file = "msgspec-0.18.0-cp311-cp311-musllinux_1_1_aarch64.whl", hash = "sha256:ee81a859b16698d2f43fe6bc56b7141f6dd936a6a80f52ec80da45fafa3d56ea"},
    {file = "msgspec-0.18.0-cp311-cp311-musllinux_1_1_x86_64.whl", hash = "sha256:722032d40b721bfb0771c8aeba11373bed84c5ed8721cc81360207d67ecfb9ca"},
    {file = "msgspec-0.18.0-cp311-cp311-win_amd64.whl", hash = "sha256:2e986f68cbcba50a2198052692f530113507fb566f282f40cfdaafee7ae6a307"},
    {file = "msgspec-0.18.0-cp38-cp38-macosx_10_9_x86_64.whl", hash = "sha256:3c3d6147f1368c8ccf0869313c23ffdf874abb7e0033002689edf5bfc048f75d"},
    {file = "msgspec-0.18.0-cp38-cp38-macosx_11_0_arm64.whl", hash = "sha256:b44ad06f78a4c05860f80bb533893582727777a8cc760573f41e49cfc5cee60c"},
    {file = "msgspec-0.18.0-cp38-cp38-manylinux_2_17_aarch64.manylinux2014_aarch64.whl", hash = "sha256:f754b92340188e6e89c51f3fdfab7de0177bcd08919481072c192782ad9ecee5"},
    {file = "msgspec-0.18.0-cp38-cp38-manylinux_2_17_x86_64.manylinux2014_x86_64.whl", hash = "sha256:cf10ad5928aecaaeb6b2be82b8aef78df786734020bfc1f281ee78485daa2af7"},
    {file = "msgspec-0.18.0-cp38-cp38-musllinux_1_1_aarch64.whl", hash = "sha256:047b00a7e148c02e64cbb65c59512f93fb8e96b71fc0358f12062e0359bef878"},
    {file = "msgspec-0.18.0-cp38-cp38-musllinux_1_1_x86_64.whl", hash = "sha256:719c8b687a0402d2cd1579753e50d903ab53ef0402bbab91bca96d0e3c2b78d5"},
    {file = "msgspec-0.18.0-cp38-cp38-win_amd64.whl", hash = "sha256:cbd16fae31bb5d2ce06d317e5f2736d58690cad310147c2104ff0a98fa63895c"},
    {file = "msgspec-0.18.0-cp39-cp39-macosx_10_9_x86_64.whl", hash = "sha256:e409af3aa63df802fbe9f99fee1bfdb895f2b243c96e1ef9a40793f73625b549"},
    {file = "msgspec-0.18.0-cp39-cp39-macosx_11_0_arm64.whl", hash = "sha256:005f708354371c2a7c3c598f4a67d23f73315e3789dfefd2a274f4a11097866d"},
    {file = "msgspec-0.18.0-cp39-cp39-manylinux_2_17_aarch64.manylinux2014_aarch64.whl", hash = "sha256:5c103a8eb8c01a3594cf3c66fe6d6a4d11e17d52e07bffadff599d87bae4a476"},
    {file = "msgspec-0.18.0-cp39-cp39-manylinux_2_17_x86_64.manylinux2014_x86_64.whl", hash = "sha256:c5f9d154ff486426733726de321d3993f4d8aa7bbea3812a8716dedc6b867592"},
    {file = "msgspec-0.18.0-cp39-cp39-musllinux_1_1_aarch64.whl", hash = "sha256:5f78c176e072e5d805be618d62e56cb2d2ca68cb93c0d6bbfeb03418247e529f"},
    {file = "msgspec-0.18.0-cp39-cp39-musllinux_1_1_x86_64.whl", hash = "sha256:ef84977a7f8ced0c369a65ffbcd618c341fe4ba0b30bd1348ce8b6e5dc4096b3"},
    {file = "msgspec-0.18.0-cp39-cp39-win_amd64.whl", hash = "sha256:f907fcc782e5fa6f6bb329004993baa00f068b4e964a971a1421e316b6870012"},
    {file = "msgspec-0.18.0.tar.gz", hash = "sha256:edcdc1bf397f1b06a3323ac61daaa5de9c9c6e8a2349024bdf0a267d0b4d24b5"},
]

[[package]]
name = "pygments"
version = "2.16.1"
requires_python = ">=3.7"
summary = "Pygments is a syntax highlighting package written in Python."
files = [
    {file = "Pygments-2.16.1-py3-none-any.whl", hash = "sha256:13fc09fa63bc8d8671a6d247e1eb303c4b343eaee81d861f3404db2935653692"},
    {file = "Pygments-2.16.1.tar.gz", hash = "sha256:1daff0494820c69bc8941e407aa20f577374ee88364ee10a98fdbe0aece96e29"},
]

[[package]]
name = "rich"
version = "13.5.2"
requires_python = ">=3.7.0"
summary = "Render rich text, tables, progress bars, syntax highlighting, markdown and more to the terminal"
dependencies = [
    "markdown-it-py>=2.2.0",
    "pygments<3.0.0,>=2.13.0",
    "typing-extensions<5.0,>=4.0.0; python_version < \"3.9\"",
]
files = [
    {file = "rich-13.5.2-py3-none-any.whl", hash = "sha256:146a90b3b6b47cac4a73c12866a499e9817426423f57c5a66949c086191a8808"},
    {file = "rich-13.5.2.tar.gz", hash = "sha256:fb9d6c0a0f643c99eed3875b5377a184132ba9be4d61516a55273d3554d75a39"},
]

[[package]]
name = "rich-click"
version = "1.6.1"
requires_python = ">=3.7"
summary = "Format click help output nicely with rich"
dependencies = [
    "click>=7",
    "rich>=10.7.0",
]
files = [
    {file = "rich-click-1.6.1.tar.gz", hash = "sha256:f8ff96693ec6e261d1544e9f7d9a5811c5ef5d74c8adb4978430fc0dac16777e"},
    {file = "rich_click-1.6.1-py3-none-any.whl", hash = "sha256:0fcf4d1a09029d79322dd814ab0b2e66ac183633037561881d45abae8a161d95"},
]

[[package]]
name = "typing-extensions"
version = "4.7.1"
requires_python = ">=3.7"
summary = "Backported and Experimental Type Hints for Python 3.7+"
files = [
    {file = "typing_extensions-4.7.1-py3-none-any.whl", hash = "sha256:440d5dd3af93b060174bf433bccd69b0babc3b15b1a8dca43789fd7f61514b36"},
    {file = "typing_extensions-4.7.1.tar.gz", hash = "sha256:b75ddc264f0ba5615db7ba217daeb99701ad295353c45f9e95963337ceeeffb2"},
]
